// !$*UTF8*$!
{
	archiveVersion = 1;
	classes = {
	};
	objectVersion = 50;
	objects = {

/* Begin PBXBuildFile section */
		3A9A33BD20D00BB2000927C4 /* AppDelegate.swift in Sources */ = {isa = PBXBuildFile; fileRef = 3A9A33BC20D00BB2000927C4 /* AppDelegate.swift */; };
		3A9A33BF20D00BB3000927C4 /* ViewController.swift in Sources */ = {isa = PBXBuildFile; fileRef = 3A9A33BE20D00BB3000927C4 /* ViewController.swift */; };
		3A9A33C220D00BB6000927C4 /* Main.storyboard in Resources */ = {isa = PBXBuildFile; fileRef = 3A9A33C020D00BB6000927C4 /* Main.storyboard */; };
		3A9A33C420D00BF9000927C4 /* Assets.xcassets in Resources */ = {isa = PBXBuildFile; fileRef = 3A9A33C320D00BF9000927C4 /* Assets.xcassets */; };
		3A9A33C720D00BF9000927C4 /* LaunchScreen.storyboard in Resources */ = {isa = PBXBuildFile; fileRef = 3A9A33C520D00BF9000927C4 /* LaunchScreen.storyboard */; };
		3A9A33D220D00BFC000927C4 /* ArrayExampleTests.swift in Sources */ = {isa = PBXBuildFile; fileRef = 3A9A33D120D00BFC000927C4 /* ArrayExampleTests.swift */; };
		3A9A33DD20D00BFC000927C4 /* ArrayExampleUITests.swift in Sources */ = {isa = PBXBuildFile; fileRef = 3A9A33DC20D00BFC000927C4 /* ArrayExampleUITests.swift */; };
/* End PBXBuildFile section */

/* Begin PBXContainerItemProxy section */
		3A9A33CE20D00BFB000927C4 /* PBXContainerItemProxy */ = {
			isa = PBXContainerItemProxy;
			containerPortal = 3A9A33B120D00BB0000927C4 /* Project object */;
			proxyType = 1;
			remoteGlobalIDString = 3A9A33B820D00BB1000927C4;
			remoteInfo = ArrayExample;
		};
		3A9A33D920D00BFC000927C4 /* PBXContainerItemProxy */ = {
			isa = PBXContainerItemProxy;
			containerPortal = 3A9A33B120D00BB0000927C4 /* Project object */;
			proxyType = 1;
			remoteGlobalIDString = 3A9A33B820D00BB1000927C4;
			remoteInfo = ArrayExample;
		};
/* End PBXContainerItemProxy section */

/* Begin PBXFileReference section */
		3A9A33B920D00BB1000927C4 /* ArrayExample.app */ = {isa = PBXFileReference; explicitFileType = wrapper.application; includeInIndex = 0; path = ArrayExample.app; sourceTree = BUILT_PRODUCTS_DIR; };
		3A9A33BC20D00BB2000927C4 /* AppDelegate.swift */ = {isa = PBXFileReference; lastKnownFileType = sourcecode.swift; path = AppDelegate.swift; sourceTree = "<group>"; };
		3A9A33BE20D00BB3000927C4 /* ViewController.swift */ = {isa = PBXFileReference; lastKnownFileType = sourcecode.swift; path = ViewController.swift; sourceTree = "<group>"; };
		3A9A33C120D00BB6000927C4 /* Base */ = {isa = PBXFileReference; lastKnownFileType = file.storyboard; name = Base; path = Base.lproj/Main.storyboard; sourceTree = "<group>"; };
		3A9A33C320D00BF9000927C4 /* Assets.xcassets */ = {isa = PBXFileReference; lastKnownFileType = folder.assetcatalog; path = Assets.xcassets; sourceTree = "<group>"; };
		3A9A33C620D00BF9000927C4 /* Base */ = {isa = PBXFileReference; lastKnownFileType = file.storyboard; name = Base; path = Base.lproj/LaunchScreen.storyboard; sourceTree = "<group>"; };
		3A9A33C820D00BF9000927C4 /* Info.plist */ = {isa = PBXFileReference; lastKnownFileType = text.plist.xml; path = Info.plist; sourceTree = "<group>"; };
		3A9A33CD20D00BFB000927C4 /* ArrayExampleTests.xctest */ = {isa = PBXFileReference; explicitFileType = wrapper.cfbundle; includeInIndex = 0; path = ArrayExampleTests.xctest; sourceTree = BUILT_PRODUCTS_DIR; };
		3A9A33D120D00BFC000927C4 /* ArrayExampleTests.swift */ = {isa = PBXFileReference; lastKnownFileType = sourcecode.swift; path = ArrayExampleTests.swift; sourceTree = "<group>"; };
		3A9A33D320D00BFC000927C4 /* Info.plist */ = {isa = PBXFileReference; lastKnownFileType = text.plist.xml; path = Info.plist; sourceTree = "<group>"; };
		3A9A33D820D00BFC000927C4 /* ArrayExampleUITests.xctest */ = {isa = PBXFileReference; explicitFileType = wrapper.cfbundle; includeInIndex = 0; path = ArrayExampleUITests.xctest; sourceTree = BUILT_PRODUCTS_DIR; };
		3A9A33DC20D00BFC000927C4 /* ArrayExampleUITests.swift */ = {isa = PBXFileReference; lastKnownFileType = sourcecode.swift; path = ArrayExampleUITests.swift; sourceTree = "<group>"; };
		3A9A33DE20D00BFC000927C4 /* Info.plist */ = {isa = PBXFileReference; lastKnownFileType = text.plist.xml; path = Info.plist; sourceTree = "<group>"; };
/* End PBXFileReference section */

/* Begin PBXFrameworksBuildPhase section */
		3A9A33B620D00BB1000927C4 /* Frameworks */ = {
			isa = PBXFrameworksBuildPhase;
			buildActionMask = 2147483647;
			files = (
			);
			runOnlyForDeploymentPostprocessing = 0;
		};
		3A9A33CA20D00BFB000927C4 /* Frameworks */ = {
			isa = PBXFrameworksBuildPhase;
			buildActionMask = 2147483647;
			files = (
			);
			runOnlyForDeploymentPostprocessing = 0;
		};
		3A9A33D520D00BFC000927C4 /* Frameworks */ = {
			isa = PBXFrameworksBuildPhase;
			buildActionMask = 2147483647;
			files = (
			);
			runOnlyForDeploymentPostprocessing = 0;
		};
/* End PBXFrameworksBuildPhase section */

/* Begin PBXGroup section */
		3A9A33B020D00BB0000927C4 = {
			isa = PBXGroup;
			children = (
				3A9A33BB20D00BB2000927C4 /* ArrayExample */,
				3A9A33D020D00BFB000927C4 /* ArrayExampleTests */,
				3A9A33DB20D00BFC000927C4 /* ArrayExampleUITests */,
				3A9A33BA20D00BB1000927C4 /* Products */,
			);
			sourceTree = "<group>";
		};
		3A9A33BA20D00BB1000927C4 /* Products */ = {
			isa = PBXGroup;
			children = (
				3A9A33B920D00BB1000927C4 /* ArrayExample.app */,
				3A9A33CD20D00BFB000927C4 /* ArrayExampleTests.xctest */,
				3A9A33D820D00BFC000927C4 /* ArrayExampleUITests.xctest */,
			);
			name = Products;
			sourceTree = "<group>";
		};
		3A9A33BB20D00BB2000927C4 /* ArrayExample */ = {
			isa = PBXGroup;
			children = (
				3A9A33BC20D00BB2000927C4 /* AppDelegate.swift */,
				3A9A33BE20D00BB3000927C4 /* ViewController.swift */,
				3A9A33C020D00BB6000927C4 /* Main.storyboard */,
				3A9A33C320D00BF9000927C4 /* Assets.xcassets */,
				3A9A33C520D00BF9000927C4 /* LaunchScreen.storyboard */,
				3A9A33C820D00BF9000927C4 /* Info.plist */,
			);
			path = ArrayExample;
			sourceTree = "<group>";
		};
		3A9A33D020D00BFB000927C4 /* ArrayExampleTests */ = {
			isa = PBXGroup;
			children = (
				3A9A33D120D00BFC000927C4 /* ArrayExampleTests.swift */,
				3A9A33D320D00BFC000927C4 /* Info.plist */,
			);
			path = ArrayExampleTests;
			sourceTree = "<group>";
		};
		3A9A33DB20D00BFC000927C4 /* ArrayExampleUITests */ = {
			isa = PBXGroup;
			children = (
				3A9A33DC20D00BFC000927C4 /* ArrayExampleUITests.swift */,
				3A9A33DE20D00BFC000927C4 /* Info.plist */,
			);
			path = ArrayExampleUITests;
			sourceTree = "<group>";
		};
/* End PBXGroup section */

/* Begin PBXNativeTarget section */
		3A9A33B820D00BB1000927C4 /* ArrayExample */ = {
			isa = PBXNativeTarget;
			buildConfigurationList = 3A9A33E120D00BFC000927C4 /* Build configuration list for PBXNativeTarget "ArrayExample" */;
			buildPhases = (
				3A9A33B520D00BB1000927C4 /* Sources */,
				3A9A33B620D00BB1000927C4 /* Frameworks */,
				3A9A33B720D00BB1000927C4 /* Resources */,
			);
			buildRules = (
			);
			dependencies = (
			);
			name = ArrayExample;
			productName = ArrayExample;
			productReference = 3A9A33B920D00BB1000927C4 /* ArrayExample.app */;
			productType = "com.apple.product-type.application";
		};
		3A9A33CC20D00BFB000927C4 /* ArrayExampleTests */ = {
			isa = PBXNativeTarget;
			buildConfigurationList = 3A9A33E420D00BFC000927C4 /* Build configuration list for PBXNativeTarget "ArrayExampleTests" */;
			buildPhases = (
				3A9A33C920D00BFB000927C4 /* Sources */,
				3A9A33CA20D00BFB000927C4 /* Frameworks */,
				3A9A33CB20D00BFB000927C4 /* Resources */,
			);
			buildRules = (
			);
			dependencies = (
				3A9A33CF20D00BFB000927C4 /* PBXTargetDependency */,
			);
			name = ArrayExampleTests;
			productName = ArrayExampleTests;
			productReference = 3A9A33CD20D00BFB000927C4 /* ArrayExampleTests.xctest */;
			productType = "com.apple.product-type.bundle.unit-test";
		};
		3A9A33D720D00BFC000927C4 /* ArrayExampleUITests */ = {
			isa = PBXNativeTarget;
			buildConfigurationList = 3A9A33E720D00BFC000927C4 /* Build configuration list for PBXNativeTarget "ArrayExampleUITests" */;
			buildPhases = (
				3A9A33D420D00BFC000927C4 /* Sources */,
				3A9A33D520D00BFC000927C4 /* Frameworks */,
				3A9A33D620D00BFC000927C4 /* Resources */,
			);
			buildRules = (
			);
			dependencies = (
				3A9A33DA20D00BFC000927C4 /* PBXTargetDependency */,
			);
			name = ArrayExampleUITests;
			productName = ArrayExampleUITests;
			productReference = 3A9A33D820D00BFC000927C4 /* ArrayExampleUITests.xctest */;
			productType = "com.apple.product-type.bundle.ui-testing";
		};
/* End PBXNativeTarget section */

/* Begin PBXProject section */
		3A9A33B120D00BB0000927C4 /* Project object */ = {
			isa = PBXProject;
			attributes = {
				LastSwiftUpdateCheck = 0930;
				LastUpgradeCheck = 0930;
				ORGANIZATIONNAME = Chetu;
				TargetAttributes = {
					3A9A33B820D00BB1000927C4 = {
						CreatedOnToolsVersion = 9.3;
					};
					3A9A33CC20D00BFB000927C4 = {
						CreatedOnToolsVersion = 9.3;
						TestTargetID = 3A9A33B820D00BB1000927C4;
					};
					3A9A33D720D00BFC000927C4 = {
						CreatedOnToolsVersion = 9.3;
						TestTargetID = 3A9A33B820D00BB1000927C4;
					};
				};
			};
			buildConfigurationList = 3A9A33B420D00BB1000927C4 /* Build configuration list for PBXProject "ArrayExample" */;
			compatibilityVersion = "Xcode 9.3";
			developmentRegion = en;
			hasScannedForEncodings = 0;
			knownRegions = (
				en,
				Base,
			);
			mainGroup = 3A9A33B020D00BB0000927C4;
			productRefGroup = 3A9A33BA20D00BB1000927C4 /* Products */;
			projectDirPath = "";
			projectRoot = "";
			targets = (
				3A9A33B820D00BB1000927C4 /* ArrayExample */,
				3A9A33CC20D00BFB000927C4 /* ArrayExampleTests */,
				3A9A33D720D00BFC000927C4 /* ArrayExampleUITests */,
			);
		};
/* End PBXProject section */

/* Begin PBXResourcesBuildPhase section */
		3A9A33B720D00BB1000927C4 /* Resources */ = {
			isa = PBXResourcesBuildPhase;
			buildActionMask = 2147483647;
			files = (
				3A9A33C720D00BF9000927C4 /* LaunchScreen.storyboard in Resources */,
				3A9A33C420D00BF9000927C4 /* Assets.xcassets in Resources */,
				3A9A33C220D00BB6000927C4 /* Main.storyboard in Resources */,
			);
			runOnlyForDeploymentPostprocessing = 0;
		};
		3A9A33CB20D00BFB000927C4 /* Resources */ = {
			isa = PBXResourcesBuildPhase;
			buildActionMask = 2147483647;
			files = (
			);
			runOnlyForDeploymentPostprocessing = 0;
		};
		3A9A33D620D00BFC000927C4 /* Resources */ = {
			isa = PBXResourcesBuildPhase;
			buildActionMask = 2147483647;
			files = (
			);
			runOnlyForDeploymentPostprocessing = 0;
		};
/* End PBXResourcesBuildPhase section */

/* Begin PBXSourcesBuildPhase section */
		3A9A33B520D00BB1000927C4 /* Sources */ = {
			isa = PBXSourcesBuildPhase;
			buildActionMask = 2147483647;
			files = (
				3A9A33BF20D00BB3000927C4 /* ViewController.swift in Sources */,
				3A9A33BD20D00BB2000927C4 /* AppDelegate.swift in Sources */,
			);
			runOnlyForDeploymentPostprocessing = 0;
		};
		3A9A33C920D00BFB000927C4 /* Sources */ = {
			isa = PBXSourcesBuildPhase;
			buildActionMask = 2147483647;
			files = (
				3A9A33D220D00BFC000927C4 /* ArrayExampleTests.swift in Sources */,
			);
			runOnlyForDeploymentPostprocessing = 0;
		};
		3A9A33D420D00BFC000927C4 /* Sources */ = {
			isa = PBXSourcesBuildPhase;
			buildActionMask = 2147483647;
			files = (
				3A9A33DD20D00BFC000927C4 /* ArrayExampleUITests.swift in Sources */,
			);
			runOnlyForDeploymentPostprocessing = 0;
		};
/* End PBXSourcesBuildPhase section */

/* Begin PBXTargetDependency section */
		3A9A33CF20D00BFB000927C4 /* PBXTargetDependency */ = {
			isa = PBXTargetDependency;
			target = 3A9A33B820D00BB1000927C4 /* ArrayExample */;
			targetProxy = 3A9A33CE20D00BFB000927C4 /* PBXContainerItemProxy */;
		};
		3A9A33DA20D00BFC000927C4 /* PBXTargetDependency */ = {
			isa = PBXTargetDependency;
			target = 3A9A33B820D00BB1000927C4 /* ArrayExample */;
			targetProxy = 3A9A33D920D00BFC000927C4 /* PBXContainerItemProxy */;
		};
/* End PBXTargetDependency section */

/* Begin PBXVariantGroup section */
		3A9A33C020D00BB6000927C4 /* Main.storyboard */ = {
			isa = PBXVariantGroup;
			children = (
				3A9A33C120D00BB6000927C4 /* Base */,
			);
			name = Main.storyboard;
			sourceTree = "<group>";
		};
		3A9A33C520D00BF9000927C4 /* LaunchScreen.storyboard */ = {
			isa = PBXVariantGroup;
			children = (
				3A9A33C620D00BF9000927C4 /* Base */,
			);
			name = LaunchScreen.storyboard;
			sourceTree = "<group>";
		};
/* End PBXVariantGroup section */

/* Begin XCBuildConfiguration section */
		3A9A33DF20D00BFC000927C4 /* Debug */ = {
			isa = XCBuildConfiguration;
			buildSettings = {
				ALWAYS_SEARCH_USER_PATHS = NO;
				CLANG_ANALYZER_NONNULL = YES;
				CLANG_ANALYZER_NUMBER_OBJECT_CONVERSION = YES_AGGRESSIVE;
				CLANG_CXX_LANGUAGE_STANDARD = "gnu++14";
				CLANG_CXX_LIBRARY = "libc++";
				CLANG_ENABLE_MODULES = YES;
				CLANG_ENABLE_OBJC_ARC = YES;
				CLANG_ENABLE_OBJC_WEAK = YES;
				CLANG_WARN_BLOCK_CAPTURE_AUTORELEASING = YES;
				CLANG_WARN_BOOL_CONVERSION = YES;
				CLANG_WARN_COMMA = YES;
				CLANG_WARN_CONSTANT_CONVERSION = YES;
				CLANG_WARN_DEPRECATED_OBJC_IMPLEMENTATIONS = YES;
				CLANG_WARN_DIRECT_OBJC_ISA_USAGE = YES_ERROR;
				CLANG_WARN_DOCUMENTATION_COMMENTS = YES;
				CLANG_WARN_EMPTY_BODY = YES;
				CLANG_WARN_ENUM_CONVERSION = YES;
				CLANG_WARN_INFINITE_RECURSION = YES;
				CLANG_WARN_INT_CONVERSION = YES;
				CLANG_WARN_NON_LITERAL_NULL_CONVERSION = YES;
				CLANG_WARN_OBJC_IMPLICIT_RETAIN_SELF = YES;
				CLANG_WARN_OBJC_LITERAL_CONVERSION = YES;
				CLANG_WARN_OBJC_ROOT_CLASS = YES_ERROR;
				CLANG_WARN_RANGE_LOOP_ANALYSIS = YES;
				CLANG_WARN_STRICT_PROTOTYPES = YES;
				CLANG_WARN_SUSPICIOUS_MOVE = YES;
				CLANG_WARN_UNGUARDED_AVAILABILITY = YES_AGGRESSIVE;
				CLANG_WARN_UNREACHABLE_CODE = YES;
				CLANG_WARN__DUPLICATE_METHOD_MATCH = YES;
				CODE_SIGN_IDENTITY = "iPhone Developer";
				COPY_PHASE_STRIP = NO;
				DEBUG_INFORMATION_FORMAT = dwarf;
				ENABLE_STRICT_OBJC_MSGSEND = YES;
				ENABLE_TESTABILITY = YES;
				GCC_C_LANGUAGE_STANDARD = gnu11;
				GCC_DYNAMIC_NO_PIC = NO;
				GCC_NO_COMMON_BLOCKS = YES;
				GCC_OPTIMIZATION_LEVEL = 0;
				GCC_PREPROCESSOR_DEFINITIONS = (
					"DEBUG=1",
					"$(inherited)",
				);
				GCC_WARN_64_TO_32_BIT_CONVERSION = YES;
				GCC_WARN_ABOUT_RETURN_TYPE = YES_ERROR;
				GCC_WARN_UNDECLARED_SELECTOR = YES;
				GCC_WARN_UNINITIALIZED_AUTOS = YES_AGGRESSIVE;
				GCC_WARN_UNUSED_FUNCTION = YES;
				GCC_WARN_UNUSED_VARIABLE = YES;
				IPHONEOS_DEPLOYMENT_TARGET = 11.3;
				MTL_ENABLE_DEBUG_INFO = YES;
				ONLY_ACTIVE_ARCH = YES;
				SDKROOT = iphoneos;
				SWIFT_ACTIVE_COMPILATION_CONDITIONS = DEBUG;
				SWIFT_OPTIMIZATION_LEVEL = "-Onone";
			};
			name = Debug;
		};
		3A9A33E020D00BFC000927C4 /* Release */ = {
			isa = XCBuildConfiguration;
			buildSettings = {
				ALWAYS_SEARCH_USER_PATHS = NO;
				CLANG_ANALYZER_NONNULL = YES;
				CLANG_ANALYZER_NUMBER_OBJECT_CONVERSION = YES_AGGRESSIVE;
				CLANG_CXX_LANGUAGE_STANDARD = "gnu++14";
				CLANG_CXX_LIBRARY = "libc++";
				CLANG_ENABLE_MODULES = YES;
				CLANG_ENABLE_OBJC_ARC = YES;
				CLANG_ENABLE_OBJC_WEAK = YES;
				CLANG_WARN_BLOCK_CAPTURE_AUTORELEASING = YES;
				CLANG_WARN_BOOL_CONVERSION = YES;
				CLANG_WARN_COMMA = YES;
				CLANG_WARN_CONSTANT_CONVERSION = YES;
				CLANG_WARN_DEPRECATED_OBJC_IMPLEMENTATIONS = YES;
				CLANG_WARN_DIRECT_OBJC_ISA_USAGE = YES_ERROR;
				CLANG_WARN_DOCUMENTATION_COMMENTS = YES;
				CLANG_WARN_EMPTY_BODY = YES;
				CLANG_WARN_ENUM_CONVERSION = YES;
				CLANG_WARN_INFINITE_RECURSION = YES;
				CLANG_WARN_INT_CONVERSION = YES;
				CLANG_WARN_NON_LITERAL_NULL_CONVERSION = YES;
				CLANG_WARN_OBJC_IMPLICIT_RETAIN_SELF = YES;
				CLANG_WARN_OBJC_LITERAL_CONVERSION = YES;
				CLANG_WARN_OBJC_ROOT_CLASS = YES_ERROR;
				CLANG_WARN_RANGE_LOOP_ANALYSIS = YES;
				CLANG_WARN_STRICT_PROTOTYPES = YES;
				CLANG_WARN_SUSPICIOUS_MOVE = YES;
				CLANG_WARN_UNGUARDED_AVAILABILITY = YES_AGGRESSIVE;
				CLANG_WARN_UNREACHABLE_CODE = YES;
				CLANG_WARN__DUPLICATE_METHOD_MATCH = YES;
				CODE_SIGN_IDENTITY = "iPhone Developer";
				COPY_PHASE_STRIP = NO;
				DEBUG_INFORMATION_FORMAT = "dwarf-with-dsym";
				ENABLE_NS_ASSERTIONS = NO;
				ENABLE_STRICT_OBJC_MSGSEND = YES;
				GCC_C_LANGUAGE_STANDARD = gnu11;
				GCC_NO_COMMON_BLOCKS = YES;
				GCC_WARN_64_TO_32_BIT_CONVERSION = YES;
				GCC_WARN_ABOUT_RETURN_TYPE = YES_ERROR;
				GCC_WARN_UNDECLARED_SELECTOR = YES;
				GCC_WARN_UNINITIALIZED_AUTOS = YES_AGGRESSIVE;
				GCC_WARN_UNUSED_FUNCTION = YES;
				GCC_WARN_UNUSED_VARIABLE = YES;
				IPHONEOS_DEPLOYMENT_TARGET = 11.3;
				MTL_ENABLE_DEBUG_INFO = NO;
				SDKROOT = iphoneos;
				SWIFT_COMPILATION_MODE = wholemodule;
				SWIFT_OPTIMIZATION_LEVEL = "-O";
				VALIDATE_PRODUCT = YES;
			};
			name = Release;
		};
		3A9A33E220D00BFC000927C4 /* Debug */ = {
			isa = XCBuildConfiguration;
			buildSettings = {
				ASSETCATALOG_COMPILER_APPICON_NAME = AppIcon;
				CODE_SIGN_STYLE = Automatic;
				INFOPLIST_FILE = ArrayExample/Info.plist;
				LD_RUNPATH_SEARCH_PATHS = (
					"$(inherited)",
					"@executable_path/Frameworks",
				);
				PRODUCT_BUNDLE_IDENTIFIER = Chetu.com.ArrayExample;
				PRODUCT_NAME = "$(TARGET_NAME)";
				SWIFT_VERSION = 4.0;
				TARGETED_DEVICE_FAMILY = "1,2";
			};
			name = Debug;
		};
		3A9A33E320D00BFC000927C4 /* Release */ = {
			isa = XCBuildConfiguration;
			buildSettings = {
				ASSETCATALOG_COMPILER_APPICON_NAME = AppIcon;
				CODE_SIGN_STYLE = Automatic;
				INFOPLIST_FILE = ArrayExample/Info.plist;
				LD_RUNPATH_SEARCH_PATHS = (
					"$(inherited)",
					"@executable_path/Frameworks",
				);
				PRODUCT_BUNDLE_IDENTIFIER = Chetu.com.ArrayExample;
				PRODUCT_NAME = "$(TARGET_NAME)";
				SWIFT_VERSION = 4.0;
				TARGETED_DEVICE_FAMILY = "1,2";
			};
			name = Release;
		};
		3A9A33E520D00BFC000927C4 /* Debug */ = {
			isa = XCBuildConfiguration;
			buildSettings = {
				ALWAYS_EMBED_SWIFT_STANDARD_LIBRARIES = YES;
				BUNDLE_LOADER = "$(TEST_HOST)";
				CODE_SIGN_STYLE = Automatic;
				INFOPLIST_FILE = ArrayExampleTests/Info.plist;
				LD_RUNPATH_SEARCH_PATHS = (
					"$(inherited)",
					"@executable_path/Frameworks",
					"@loader_path/Frameworks",
				);
				PRODUCT_BUNDLE_IDENTIFIER = Chetu.com.ArrayExampleTests;
				PRODUCT_NAME = "$(TARGET_NAME)";
				SWIFT_VERSION = 4.0;
				TARGETED_DEVICE_FAMILY = "1,2";
				TEST_HOST = "$(BUILT_PRODUCTS_DIR)/ArrayExample.app/ArrayExample";
			};
			name = Debug;
		};
		3A9A33E620D00BFC000927C4 /* Release */ = {
			isa = XCBuildConfiguration;
			buildSettings = {
				ALWAYS_EMBED_SWIFT_STANDARD_LIBRARIES = YES;
				BUNDLE_LOADER = "$(TEST_HOST)";
				CODE_SIGN_STYLE = Automatic;
				INFOPLIST_FILE = ArrayExampleTests/Info.plist;
				LD_RUNPATH_SEARCH_PATHS = (
					"$(inherited)",
					"@executable_path/Frameworks",
					"@loader_path/Frameworks",
				);
				PRODUCT_BUNDLE_IDENTIFIER = Chetu.com.ArrayExampleTests;
				PRODUCT_NAME = "$(TARGET_NAME)";
				SWIFT_VERSION = 4.0;
				TARGETED_DEVICE_FAMILY = "1,2";
				TEST_HOST = "$(BUILT_PRODUCTS_DIR)/ArrayExample.app/ArrayExample";
			};
			name = Release;
		};
		3A9A33E820D00BFC000927C4 /* Debug */ = {
			isa = XCBuildConfiguration;
			buildSettings = {
				ALWAYS_EMBED_SWIFT_STANDARD_LIBRARIES = YES;
				CODE_SIGN_STYLE = Automatic;
				INFOPLIST_FILE = ArrayExampleUITests/Info.plist;
				LD_RUNPATH_SEARCH_PATHS = (
					"$(inherited)",
					"@executable_path/Frameworks",
					"@loader_path/Frameworks",
				);
				PRODUCT_BUNDLE_IDENTIFIER = Chetu.com.ArrayExampleUITests;
				PRODUCT_NAME = "$(TARGET_NAME)";
				SWIFT_VERSION = 4.0;
				TARGETED_DEVICE_FAMILY = "1,2";
				TEST_TARGET_NAME = ArrayExample;
			};
			name = Debug;
		};
		3A9A33E920D00BFC000927C4 /* Release */ = {
			isa = XCBuildConfiguration;
			buildSettings = {
				ALWAYS_EMBED_SWIFT_STANDARD_LIBRARIES = YES;
				CODE_SIGN_STYLE = Automatic;
				INFOPLIST_FILE = ArrayExampleUITests/Info.plist;
				LD_RUNPATH_SEARCH_PATHS = (
					"$(inherited)",
					"@executable_path/Frameworks",
					"@loader_path/Frameworks",
				);
				PRODUCT_BUNDLE_IDENTIFIER = Chetu.com.ArrayExampleUITests;
				PRODUCT_NAME = "$(TARGET_NAME)";
				SWIFT_VERSION = 4.0;
				TARGETED_DEVICE_FAMILY = "1,2";
				TEST_TARGET_NAME = ArrayExample;
			};
			name = Release;
		};
/* End XCBuildConfiguration section */

/* Begin XCConfigurationList section */
		3A9A33B420D00BB1000927C4 /* Build configuration list for PBXProject "ArrayExample" */ = {
			isa = XCConfigurationList;
			buildConfigurations = (
				3A9A33DF20D00BFC000927C4 /* Debug */,
				3A9A33E020D00BFC000927C4 /* Release */,
			);
			defaultConfigurationIsVisible = 0;
			defaultConfigurationName = Release;
		};
		3A9A33E120D00BFC000927C4 /* Build configuration list for PBXNativeTarget "ArrayExample" */ = {
			isa = XCConfigurationList;
			buildConfigurations = (
				3A9A33E220D00BFC000927C4 /* Debug */,
				3A9A33E320D00BFC000927C4 /* Release */,
			);
			defaultConfigurationIsVisible = 0;
			defaultConfigurationName = Release;
		};
		3A9A33E420D00BFC000927C4 /* Build configuration list for PBXNativeTarget "ArrayExampleTests" */ = {
			isa = XCConfigurationList;
			buildConfigurations = (
				3A9A33E520D00BFC000927C4 /* Debug */,
				3A9A33E620D00BFC000927C4 /* Release */,
			);
			defaultConfigurationIsVisible = 0;
			defaultConfigurationName = Release;
		};
		3A9A33E720D00BFC000927C4 /* Build configuration list for PBXNativeTarget "ArrayExampleUITests" */ = {
			isa = XCConfigurationList;
			buildConfigurations = (
				3A9A33E820D00BFC000927C4 /* Debug */,
				3A9A33E920D00BFC000927C4 /* Release */,
			);
			defaultConfigurationIsVisible = 0;
			defaultConfigurationName = Release;
		};
/* End XCConfigurationList section */
	};
	rootObject = 3A9A33B120D00BB0000927C4 /* Project object */;
}
